lockfileVersion: '6.0'

settings:
  autoInstallPeers: true
  excludeLinksFromLockfile: false

overrides:
  '@babel/preset-env': 7.13.8

dependencies:
  '@lit-labs/motion':
    specifier: 1.0.3
    version: 1.0.3
  '@material/mwc-button':
    specifier: 0.27.0
    version: 0.27.0
  '@material/mwc-checkbox':
    specifier: 0.27.0
    version: 0.27.0
  '@material/mwc-formfield':
    specifier: 0.27.0
    version: 0.27.0
  '@material/mwc-textfield':
    specifier: 0.27.0
    version: 0.27.0
  lit:
    specifier: 2.6.1
    version: 2.6.1
  material-icons:
    specifier: 1.13.1
    version: 1.13.1
  vite:
    specifier: 3.1.8
    version: 3.1.8

devDependencies:
  path:
    specifier: ^0.12.7
    version: 0.12.7
  typescript:
    specifier: 4.4.4
    version: 4.4.4

packages:

  /@esbuild/android-arm@0.15.18:
    resolution: {integrity: sha512-5GT+kcs2WVGjVs7+boataCkO5Fg0y4kCjzkB5bAip7H4jfnOS3dA6KPiww9W1OEKTKeAcUVhdZGvgI65OXmUnw==}
    engines: {node: '>=12'}
    cpu: [arm]
    os: [android]
    requiresBuild: true
    dev: false
    optional: true

  /@esbuild/linux-loong64@0.15.18:
    resolution: {integrity: sha512-L4jVKS82XVhw2nvzLg/19ClLWg0y27ulRwuP7lcyL6AbUWB5aPglXY3M21mauDQMDfRLs8cQmeT03r/+X3cZYQ==}
    engines: {node: '>=12'}
    cpu: [loong64]
    os: [linux]
    requiresBuild: true
    dev: false
    optional: true

  /@lit-labs/motion@1.0.3:
    resolution: {integrity: sha512-y62SxlUTeFtoQTS8/KqAnOnOTdm0FpB23PgFFc99lPj9T5Gg0uktzRmmmqxPaGoNeRg2cLcPpbvK8iEo8CWMoQ==}
    dependencies:
      lit: 2.6.1
    dev: false

  /@lit-labs/ssr-dom-shim@1.0.0:
    resolution: {integrity: sha512-ic93MBXfApIFTrup4a70M/+ddD8xdt2zxxj9sRwHQzhS9ag/syqkD8JPdTXsc1gUy2K8TTirhlCqyTEM/sifNw==}
    dev: false

  /@lit/reactive-element@1.6.1:
    resolution: {integrity: sha512-va15kYZr7KZNNPZdxONGQzpUr+4sxVu7V/VG7a8mRfPPXUyhEYj5RzXCQmGrlP3tAh0L3HHm5AjBMFYRqlM9SA==}
    dependencies:
      '@lit-labs/ssr-dom-shim': 1.0.0
    dev: false

  /@material/animation@14.0.0-canary.53b3cad2f.0:
    resolution: {integrity: sha512-GBuR4VmcTQW1D0lPXEosf5Giho72LLbyGIydWGtaEUtLJoive/D9kFkwTN4Fsyt9Kkl7hbhs35vrNe6QkAH4/Q==}
    dependencies:
      tslib: 2.5.0
    dev: false

  /@material/base@14.0.0-canary.53b3cad2f.0:
    resolution: {integrity: sha512-UJKbXwZtkrA3sfQDmj8Zbw1Q3Tqtl6KdfVFws95Yf7TCUgTFzbZI/FSx1w7dVugQPOEnIBuZnzqZam/MtHkx4w==}
    dependencies:
      tslib: 2.5.0
    dev: false

  /@material/density@14.0.0-canary.53b3cad2f.0:
    resolution: {integrity: sha512-Eh/vZ3vVyqtpylg5Ci33qlgtToS4H1/ppd450Ib3tcdISIoodgijYY0w4XsRvrnZgbI/h/1STFdLxdzS0UNuFw==}
    dependencies:
      tslib: 2.5.0
    dev: false

  /@material/dom@14.0.0-canary.53b3cad2f.0:
    resolution: {integrity: sha512-aR+rfncF6oi2ivdOlKSJI4UXwNzWV5rXM88MLDoSJF1D7lXxhAKhge+tMUBodWGV/q0+FnXLuVAa0WYTrKjo+A==}
    dependencies:
      '@material/feature-targeting': 14.0.0-canary.53b3cad2f.0
      tslib: 2.5.0
    dev: false

  /@material/elevation@14.0.0-canary.53b3cad2f.0:
    resolution: {integrity: sha512-3h+EkR588RMZ5TSNQ4UeXD1FOBnL3ABQix0DQIGwtNJCqSMoPndT/oJEFvwQbTkZNDbFIKN9p1Q7/KuFPVY8Pw==}
    dependencies:
      '@material/animation': 14.0.0-canary.53b3cad2f.0
      '@material/base': 14.0.0-canary.53b3cad2f.0
      '@material/feature-targeting': 14.0.0-canary.53b3cad2f.0
      '@material/rtl': 14.0.0-canary.53b3cad2f.0
      '@material/theme': 14.0.0-canary.53b3cad2f.0
      tslib: 2.5.0
    dev: false

  /@material/feature-targeting@14.0.0-canary.53b3cad2f.0:
    resolution: {integrity: sha512-fn7Af3PRyARtNeYqtjxXmE3Y/dCpnpQVWWys57MqiGR/nvc6qpgOfJ6rOdcu/MrOysOE/oebTUDmDnTmwpe9Hw==}
    dependencies:
      tslib: 2.5.0
    dev: false

  /@material/floating-label@14.0.0-canary.53b3cad2f.0:
    resolution: {integrity: sha512-gHZUTTVKnP+Zjz4l9IT/G89NPmypn5FlTGLWKKqXbuQphr37rsKFR3Y80SJxULRyMDnAdKSxuZwiXLFKQz9KlA==}
    dependencies:
      '@material/animation': 14.0.0-canary.53b3cad2f.0
      '@material/base': 14.0.0-canary.53b3cad2f.0
      '@material/dom': 14.0.0-canary.53b3cad2f.0
      '@material/feature-targeting': 14.0.0-canary.53b3cad2f.0
      '@material/rtl': 14.0.0-canary.53b3cad2f.0
      '@material/theme': 14.0.0-canary.53b3cad2f.0
      '@material/typography': 14.0.0-canary.53b3cad2f.0
      tslib: 2.5.0
    dev: false

  /@material/form-field@14.0.0-canary.53b3cad2f.0:
    resolution: {integrity: sha512-h9jFm9f5WeMHJWGpQsZ9sPrERLGcDQdW8uvbHAHZ/zN35Mqj43s8+alXROiibx+m1oHLvf2Z01pPWtFSXLYzxA==}
    dependencies:
      '@material/base': 14.0.0-canary.53b3cad2f.0
      '@material/feature-targeting': 14.0.0-canary.53b3cad2f.0
      '@material/ripple': 14.0.0-canary.53b3cad2f.0
      '@material/rtl': 14.0.0-canary.53b3cad2f.0
      '@material/theme': 14.0.0-canary.53b3cad2f.0
      '@material/typography': 14.0.0-canary.53b3cad2f.0
      tslib: 2.5.0
    dev: false

  /@material/line-ripple@14.0.0-canary.53b3cad2f.0:
    resolution: {integrity: sha512-k8f8uuDwnSqZZ98CzbYtQVtxlp1ryUup9nd2uobo3kiqQNlQfXdGkVjuCXcla0OPiKFizNn7dS6Kl/j6L09XUA==}
    dependencies:
      '@material/animation': 14.0.0-canary.53b3cad2f.0
      '@material/base': 14.0.0-canary.53b3cad2f.0
      '@material/feature-targeting': 14.0.0-canary.53b3cad2f.0
      '@material/theme': 14.0.0-canary.53b3cad2f.0
      tslib: 2.5.0
    dev: false

  /@material/mwc-base@0.27.0:
    resolution: {integrity: sha512-oCWWtjbyQ52AaUbzINLGBKScIPyqhps2Y7c8t6Gu6fcFeDxhKXMV1Cqvtj/OMhtAt53XjHfD2XruWwYv3cYYUA==}
    dependencies:
      '@material/base': 14.0.0-canary.53b3cad2f.0
      '@material/dom': 14.0.0-canary.53b3cad2f.0
      lit: 2.6.1
      tslib: 2.5.0
    dev: false

  /@material/mwc-button@0.27.0:
    resolution: {integrity: sha512-t5m2zfE93RNKHMjdsU67X6csFzuSG08VJKKvXVQ+BriGE3xBgzY5nZdmZXomFpaWjDENPAlyS4ppCFm6o+DILw==}
    dependencies:
      '@material/mwc-icon': 0.27.0
      '@material/mwc-ripple': 0.27.0
      lit: 2.6.1
      tslib: 2.5.0
    dev: false

  /@material/mwc-checkbox@0.27.0:
    resolution: {integrity: sha512-EY0iYZLwo8qaqMwR5da4fdn0xI0BZNAvKTcwoubYWpDDHlGxDcqwvjp/40ChGo3Q/zv8/4/A0Qp7cwapI82EkA==}
    dependencies:
      '@material/mwc-base': 0.27.0
      '@material/mwc-ripple': 0.27.0
      lit: 2.6.1
      tslib: 2.5.0
    dev: false

  /@material/mwc-floating-label@0.27.0:
    resolution: {integrity: sha512-uLleloTxQ6dDShcZzqgqfC8otQY8DtGMO9HFQbAEncoFAWpAehcEonsuT/IUhMORN+c5un0P5WXwcZsInJb7og==}
    dependencies:
      '@material/floating-label': 14.0.0-canary.53b3cad2f.0
      lit: 2.6.1
      tslib: 2.5.0
    dev: false

  /@material/mwc-formfield@0.27.0:
    resolution: {integrity: sha512-XGZtC1MTyGQ8b2osnaygGzS3qe2QvlWfXZepcFs9i6MW+b6VimQQ4c/KsKIF7dHmeY6N0o4k9pAZ086EGesXOQ==}
    dependencies:
      '@material/form-field': 14.0.0-canary.53b3cad2f.0
      '@material/mwc-base': 0.27.0
      lit: 2.6.1
      tslib: 2.5.0
    dev: false

  /@material/mwc-icon@0.27.0:
    resolution: {integrity: sha512-Sul44I37M9Ewynn0A9DjkEBrmll2VtNbth6Pxj7I1A/EAwEfaCrPvryyGqfIu1T2hTsRcaojzQx6QjF+B5QW9A==}
    dependencies:
      lit: 2.6.1
      tslib: 2.5.0
    dev: false

  /@material/mwc-line-ripple@0.27.0:
    resolution: {integrity: sha512-n9Xpt5g3RJEl9rvk14OP6dUNJUtsJA46beTQiep7ppO7IPVFLC1v/5sPpUzfNPUBsclSPxdBuNlCxsgcIYueUw==}
    dependencies:
      '@material/line-ripple': 14.0.0-canary.53b3cad2f.0
      lit: 2.6.1
      tslib: 2.5.0
    dev: false

  /@material/mwc-notched-outline@0.27.0:
    resolution: {integrity: sha512-IlqfQVaEd1RAHqhOG0Xk5JhTDgBe/P9og0pnACglK6bPE0vUhYKwibJiHcr4ACTPtGWHO9o92aktR+7AIEAKtQ==}
    dependencies:
      '@material/mwc-base': 0.27.0
      '@material/notched-outline': 14.0.0-canary.53b3cad2f.0
      lit: 2.6.1
      tslib: 2.5.0
    dev: false

  /@material/mwc-ripple@0.27.0:
    resolution: {integrity: sha512-by0O8d8g3Rd96/sUB8hxy6MrDx1QTstqOsA64vqypWd526hMTBGRik08jTNap5sVIyrN9Vq17jb4NJLWQLnNHQ==}
    dependencies:
      '@material/dom': 14.0.0-canary.53b3cad2f.0
      '@material/mwc-base': 0.27.0
      '@material/ripple': 14.0.0-canary.53b3cad2f.0
      lit: 2.6.1
      tslib: 2.5.0
    dev: false

  /@material/mwc-textfield@0.27.0:
    resolution: {integrity: sha512-4/OEeEVAWWQ1DzpjeMLYLsa9HMlifOPjAvi0681Yj1g/RYJs5ONZS80HZ8HOT+efAOlZDugshgM4gdNS3I0XFQ==}
    dependencies:
      '@material/floating-label': 14.0.0-canary.53b3cad2f.0
      '@material/line-ripple': 14.0.0-canary.53b3cad2f.0
      '@material/mwc-base': 0.27.0
      '@material/mwc-floating-label': 0.27.0
      '@material/mwc-line-ripple': 0.27.0
      '@material/mwc-notched-outline': 0.27.0
      '@material/textfield': 14.0.0-canary.53b3cad2f.0
      lit: 2.6.1
      tslib: 2.5.0
    dev: false

  /@material/notched-outline@14.0.0-canary.53b3cad2f.0:
    resolution: {integrity: sha512-3ByiPOC/wWQmFKfgJS98kb5/6v92n7uIfJ6v6sryKJlJCJn39qfpGcCM5RpRIws1RET1s1zBJT2JDwYeu/hM5A==}
    dependencies:
      '@material/base': 14.0.0-canary.53b3cad2f.0
      '@material/feature-targeting': 14.0.0-canary.53b3cad2f.0
      '@material/floating-label': 14.0.0-canary.53b3cad2f.0
      '@material/rtl': 14.0.0-canary.53b3cad2f.0
      '@material/shape': 14.0.0-canary.53b3cad2f.0
      '@material/theme': 14.0.0-canary.53b3cad2f.0
      tslib: 2.5.0
    dev: false

  /@material/ripple@14.0.0-canary.53b3cad2f.0:
    resolution: {integrity: sha512-6g2G62vd8DsMuIUSXlRrzb98qkZ4o8ZREknNwNP2zaLQEOkJ//4j9HaqDt98/3LIjUTY9UIVFTQENiMmlwKHYQ==}
    dependencies:
      '@material/animation': 14.0.0-canary.53b3cad2f.0
      '@material/base': 14.0.0-canary.53b3cad2f.0
      '@material/dom': 14.0.0-canary.53b3cad2f.0
      '@material/feature-targeting': 14.0.0-canary.53b3cad2f.0
      '@material/rtl': 14.0.0-canary.53b3cad2f.0
      '@material/theme': 14.0.0-canary.53b3cad2f.0
      tslib: 2.5.0
    dev: false

  /@material/rtl@14.0.0-canary.53b3cad2f.0:
    resolution: {integrity: sha512-f08LT0HSa0WYU+4Jz/tbm1TQ9Fcf2k+H6dPPYv0J1sZmX6hMgCEmNiUdUFLQFvszoXx2XrRi1/hIFjbz2e69Yg==}
    dependencies:
      '@material/theme': 14.0.0-canary.53b3cad2f.0
      tslib: 2.5.0
    dev: false

  /@material/shape@14.0.0-canary.53b3cad2f.0:
    resolution: {integrity: sha512-RyjInLCNe+nI/ulKea0ZLHphXQDiDqYazS25SRn18g8Hoa5qGNaY5oOBncDXUYn3jm5oI5kFc9oif//kulkbjg==}
    dependencies:
      '@material/feature-targeting': 14.0.0-canary.53b3cad2f.0
      '@material/rtl': 14.0.0-canary.53b3cad2f.0
      '@material/theme': 14.0.0-canary.53b3cad2f.0
      tslib: 2.5.0
    dev: false

  /@material/textfield@14.0.0-canary.53b3cad2f.0:
    resolution: {integrity: sha512-Pla9Tr94Is18o97E/mqHKdkR24rPES9atGm3BlXrNzyr5tu6+h++RBbxy7V6IExcfl0MX+v9Gyqz7sPZzFtwMA==}
    dependencies:
      '@material/animation': 14.0.0-canary.53b3cad2f.0
      '@material/base': 14.0.0-canary.53b3cad2f.0
      '@material/density': 14.0.0-canary.53b3cad2f.0
      '@material/dom': 14.0.0-canary.53b3cad2f.0
      '@material/feature-targeting': 14.0.0-canary.53b3cad2f.0
      '@material/floating-label': 14.0.0-canary.53b3cad2f.0
      '@material/line-ripple': 14.0.0-canary.53b3cad2f.0
      '@material/notched-outline': 14.0.0-canary.53b3cad2f.0
      '@material/ripple': 14.0.0-canary.53b3cad2f.0
      '@material/rtl': 14.0.0-canary.53b3cad2f.0
      '@material/shape': 14.0.0-canary.53b3cad2f.0
      '@material/theme': 14.0.0-canary.53b3cad2f.0
      '@material/tokens': 14.0.0-canary.53b3cad2f.0
      '@material/typography': 14.0.0-canary.53b3cad2f.0
      tslib: 2.5.0
    dev: false

  /@material/theme@14.0.0-canary.53b3cad2f.0:
    resolution: {integrity: sha512-S06XAevDCDWMe+GgsEpITMS07imUidzadNaTbJsqssFajBLr53QWVZsG84BpjXKXoYvyEJvb0hX5U0lq6ip9UQ==}
    dependencies:
      '@material/feature-targeting': 14.0.0-canary.53b3cad2f.0
      tslib: 2.5.0
    dev: false

  /@material/tokens@14.0.0-canary.53b3cad2f.0:
    resolution: {integrity: sha512-myHFB7vac8zErA3qgkqmV+kpE+i9JEwc/6Yf0MOumDSpylJGw28QikpNC6eAVBK2EmPQTaFn20mqUxyud8dGqw==}
    dependencies:
      '@material/elevation': 14.0.0-canary.53b3cad2f.0
    dev: false

  /@material/typography@14.0.0-canary.53b3cad2f.0:
    resolution: {integrity: sha512-9J0k2fq7uyHsRzRqJDJLGmg3YzRpfRPtFDVeUH/xBcYoqpZE7wYw5Mb7s/l8eP626EtR7HhXhSPjvRTLA6NIJg==}
    dependencies:
      '@material/feature-targeting': 14.0.0-canary.53b3cad2f.0
      '@material/theme': 14.0.0-canary.53b3cad2f.0
      tslib: 2.5.0
    dev: false

  /@types/trusted-types@2.0.2:
    resolution: {integrity: sha512-F5DIZ36YVLE+PN+Zwws4kJogq47hNgX3Nx6WyDJ3kcplxyke3XIzB8uK5n/Lpm1HBsbGzd6nmGehL8cPekP+Tg==}
    dev: false

  /esbuild-android-64@0.15.18:
    resolution: {integrity: sha512-wnpt3OXRhcjfIDSZu9bnzT4/TNTDsOUvip0foZOUBG7QbSt//w3QV4FInVJxNhKc/ErhUxc5z4QjHtMi7/TbgA==}
    engines: {node: '>=12'}
    cpu: [x64]
    os: [android]
    requiresBuild: true
    dev: false
    optional: true

  /esbuild-android-arm64@0.15.18:
    resolution: {integrity: sha512-G4xu89B8FCzav9XU8EjsXacCKSG2FT7wW9J6hOc18soEHJdtWu03L3TQDGf0geNxfLTtxENKBzMSq9LlbjS8OQ==}
    engines: {node: '>=12'}
    cpu: [arm64]
    os: [android]
    requiresBuild: true
    dev: false
    optional: true

  /esbuild-darwin-64@0.15.18:
    resolution: {integrity: sha512-2WAvs95uPnVJPuYKP0Eqx+Dl/jaYseZEUUT1sjg97TJa4oBtbAKnPnl3b5M9l51/nbx7+QAEtuummJZW0sBEmg==}
    engines: {node: '>=12'}
    cpu: [x64]
    os: [darwin]
    requiresBuild: true
    dev: false
    optional: true

  /esbuild-darwin-arm64@0.15.18:
    resolution: {integrity: sha512-tKPSxcTJ5OmNb1btVikATJ8NftlyNlc8BVNtyT/UAr62JFOhwHlnoPrhYWz09akBLHI9nElFVfWSTSRsrZiDUA==}
    engines: {node: '>=12'}
    cpu: [arm64]
    os: [darwin]
    requiresBuild: true
    dev: false
    optional: true

  /esbuild-freebsd-64@0.15.18:
    resolution: {integrity: sha512-TT3uBUxkteAjR1QbsmvSsjpKjOX6UkCstr8nMr+q7zi3NuZ1oIpa8U41Y8I8dJH2fJgdC3Dj3CXO5biLQpfdZA==}
    engines: {node: '>=12'}
    cpu: [x64]
    os: [freebsd]
    requiresBuild: true
    dev: false
    optional: true

  /esbuild-freebsd-arm64@0.15.18:
    resolution: {integrity: sha512-R/oVr+X3Tkh+S0+tL41wRMbdWtpWB8hEAMsOXDumSSa6qJR89U0S/PpLXrGF7Wk/JykfpWNokERUpCeHDl47wA==}
    engines: {node: '>=12'}
    cpu: [arm64]
    os: [freebsd]
    requiresBuild: true
    dev: false
    optional: true

  /esbuild-linux-32@0.15.18:
    resolution: {integrity: sha512-lphF3HiCSYtaa9p1DtXndiQEeQDKPl9eN/XNoBf2amEghugNuqXNZA/ZovthNE2aa4EN43WroO0B85xVSjYkbg==}
    engines: {node: '>=12'}
    cpu: [ia32]
    os: [linux]
    requiresBuild: true
    dev: false
    optional: true

  /esbuild-linux-64@0.15.18:
    resolution: {integrity: sha512-hNSeP97IviD7oxLKFuii5sDPJ+QHeiFTFLoLm7NZQligur8poNOWGIgpQ7Qf8Balb69hptMZzyOBIPtY09GZYw==}
    engines: {node: '>=12'}
    cpu: [x64]
    os: [linux]
    requiresBuild: true
    dev: false
    optional: true

  /esbuild-linux-arm64@0.15.18:
    resolution: {integrity: sha512-54qr8kg/6ilcxd+0V3h9rjT4qmjc0CccMVWrjOEM/pEcUzt8X62HfBSeZfT2ECpM7104mk4yfQXkosY8Quptug==}
    engines: {node: '>=12'}
    cpu: [arm64]
    os: [linux]
    requiresBuild: true
    dev: false
    optional: true

  /esbuild-linux-arm@0.15.18:
    resolution: {integrity: sha512-UH779gstRblS4aoS2qpMl3wjg7U0j+ygu3GjIeTonCcN79ZvpPee12Qun3vcdxX+37O5LFxz39XeW2I9bybMVA==}
    engines: {node: '>=12'}
    cpu: [arm]
    os: [linux]
    requiresBuild: true
    dev: false
    optional: true

  /esbuild-linux-mips64le@0.15.18:
    resolution: {integrity: sha512-Mk6Ppwzzz3YbMl/ZZL2P0q1tnYqh/trYZ1VfNP47C31yT0K8t9s7Z077QrDA/guU60tGNp2GOwCQnp+DYv7bxQ==}
    engines: {node: '>=12'}
    cpu: [mips64el]
    os: [linux]
    requiresBuild: true
    dev: false
    optional: true

  /esbuild-linux-ppc64le@0.15.18:
    resolution: {integrity: sha512-b0XkN4pL9WUulPTa/VKHx2wLCgvIAbgwABGnKMY19WhKZPT+8BxhZdqz6EgkqCLld7X5qiCY2F/bfpUUlnFZ9w==}
    engines: {node: '>=12'}
    cpu: [ppc64]
    os: [linux]
    requiresBuild: true
    dev: false
    optional: true

  /esbuild-linux-riscv64@0.15.18:
    resolution: {integrity: sha512-ba2COaoF5wL6VLZWn04k+ACZjZ6NYniMSQStodFKH/Pu6RxzQqzsmjR1t9QC89VYJxBeyVPTaHuBMCejl3O/xg==}
    engines: {node: '>=12'}
    cpu: [riscv64]
    os: [linux]
    requiresBuild: true
    dev: false
    optional: true

  /esbuild-linux-s390x@0.15.18:
    resolution: {integrity: sha512-VbpGuXEl5FCs1wDVp93O8UIzl3ZrglgnSQ+Hu79g7hZu6te6/YHgVJxCM2SqfIila0J3k0csfnf8VD2W7u2kzQ==}
    engines: {node: '>=12'}
    cpu: [s390x]
    os: [linux]
    requiresBuild: true
    dev: false
    optional: true

  /esbuild-netbsd-64@0.15.18:
    resolution: {integrity: sha512-98ukeCdvdX7wr1vUYQzKo4kQ0N2p27H7I11maINv73fVEXt2kyh4K4m9f35U1K43Xc2QGXlzAw0K9yoU7JUjOg==}
    engines: {node: '>=12'}
    cpu: [x64]
    os: [netbsd]
    requiresBuild: true
    dev: false
    optional: true

  /esbuild-openbsd-64@0.15.18:
    resolution: {integrity: sha512-yK5NCcH31Uae076AyQAXeJzt/vxIo9+omZRKj1pauhk3ITuADzuOx5N2fdHrAKPxN+zH3w96uFKlY7yIn490xQ==}
    engines: {node: '>=12'}
    cpu: [x64]
    os: [openbsd]
    requiresBuild: true
    dev: false
    optional: true

  /esbuild-sunos-64@0.15.18:
    resolution: {integrity: sha512-On22LLFlBeLNj/YF3FT+cXcyKPEI263nflYlAhz5crxtp3yRG1Ugfr7ITyxmCmjm4vbN/dGrb/B7w7U8yJR9yw==}
    engines: {node: '>=12'}
    cpu: [x64]
    os: [sunos]
    requiresBuild: true
    dev: false
    optional: true

  /esbuild-windows-32@0.15.18:
    resolution: {integrity: sha512-o+eyLu2MjVny/nt+E0uPnBxYuJHBvho8vWsC2lV61A7wwTWC3jkN2w36jtA+yv1UgYkHRihPuQsL23hsCYGcOQ==}
    engines: {node: '>=12'}
    cpu: [ia32]
    os: [win32]
    requiresBuild: true
    dev: false
    optional: true

  /esbuild-windows-64@0.15.18:
    resolution: {integrity: sha512-qinug1iTTaIIrCorAUjR0fcBk24fjzEedFYhhispP8Oc7SFvs+XeW3YpAKiKp8dRpizl4YYAhxMjlftAMJiaUw==}
    engines: {node: '>=12'}
    cpu: [x64]
    os: [win32]
    requiresBuild: true
    dev: false
    optional: true

  /esbuild-windows-arm64@0.15.18:
    resolution: {integrity: sha512-q9bsYzegpZcLziq0zgUi5KqGVtfhjxGbnksaBFYmWLxeV/S1fK4OLdq2DFYnXcLMjlZw2L0jLsk1eGoB522WXQ==}
    engines: {node: '>=12'}
    cpu: [arm64]
    os: [win32]
    requiresBuild: true
    dev: false
    optional: true

  /esbuild@0.15.18:
    resolution: {integrity: sha512-x/R72SmW3sSFRm5zrrIjAhCeQSAWoni3CmHEqfQrZIQTM3lVCdehdwuIqaOtfC2slvpdlLa62GYoN8SxT23m6Q==}
    engines: {node: '>=12'}
    hasBin: true
    requiresBuild: true
    optionalDependencies:
      '@esbuild/android-arm': 0.15.18
      '@esbuild/linux-loong64': 0.15.18
      esbuild-android-64: 0.15.18
      esbuild-android-arm64: 0.15.18
      esbuild-darwin-64: 0.15.18
      esbuild-darwin-arm64: 0.15.18
      esbuild-freebsd-64: 0.15.18
      esbuild-freebsd-arm64: 0.15.18
      esbuild-linux-32: 0.15.18
      esbuild-linux-64: 0.15.18
      esbuild-linux-arm: 0.15.18
      esbuild-linux-arm64: 0.15.18
      esbuild-linux-mips64le: 0.15.18
      esbuild-linux-ppc64le: 0.15.18
      esbuild-linux-riscv64: 0.15.18
      esbuild-linux-s390x: 0.15.18
      esbuild-netbsd-64: 0.15.18
      esbuild-openbsd-64: 0.15.18
      esbuild-sunos-64: 0.15.18
      esbuild-windows-32: 0.15.18
      esbuild-windows-64: 0.15.18
      esbuild-windows-arm64: 0.15.18
    dev: false

  /fsevents@2.3.2:
    resolution: {integrity: sha512-xiqMQR4xAeHTuB9uWm+fFRcIOgKBMiOBP+eXiyT7jsgVCq1bkVygt00oASowB7EdtpOHaaPgKt812P9ab+DDKA==}
    engines: {node: ^8.16.0 || ^10.6.0 || >=11.0.0}
    os: [darwin]
    requiresBuild: true
    dev: false
    optional: true

  /function-bind@1.1.1:
    resolution: {integrity: sha512-yIovAzMX49sF8Yl58fSCWJ5svSLuaibPxXQJFLmBObTuCr0Mf1KiPopGM9NiFjiYBCbfaa2Fh6breQ6ANVTI0A==}
    dev: false

  /has@1.0.3:
    resolution: {integrity: sha512-f2dvO0VU6Oej7RkWJGrehjbzMAjFp5/VKPp5tTpWIV4JHHZK1/BxbFRtf/siA2SWTe09caDmVtYYzWEIbBS4zw==}
    engines: {node: '>= 0.4.0'}
    dependencies:
      function-bind: 1.1.1
    dev: false

  /inherits@2.0.3:
    resolution: {integrity: sha512-x00IRNXNy63jwGkJmzPigoySHbaqpNuzKbBOmzK+g2OdZpQ9w+sxCN+VSB3ja7IAge2OP2qpfxTjeNcyjmW1uw==}
    dev: true

  /is-core-module@2.11.0:
    resolution: {integrity: sha512-RRjxlvLDkD1YJwDbroBHMb+cukurkDWNyHx7D3oNB5x9rb5ogcksMC5wHCadcXoo67gVr/+3GFySh3134zi6rw==}
    dependencies:
      has: 1.0.3
    dev: false

  /lit-element@3.2.2:
    resolution: {integrity: sha512-6ZgxBR9KNroqKb6+htkyBwD90XGRiqKDHVrW/Eh0EZ+l+iC+u+v+w3/BA5NGi4nizAVHGYvQBHUDuSmLjPp7NQ==}
    dependencies:
      '@lit/reactive-element': 1.6.1
      lit-html: 2.6.1
    dev: false

  /lit-html@2.6.1:
    resolution: {integrity: sha512-Z3iw+E+3KKFn9t2YKNjsXNEu/LRLI98mtH/C6lnFg7kvaqPIzPn124Yd4eT/43lyqrejpc5Wb6BHq3fdv4S8Rw==}
    dependencies:
      '@types/trusted-types': 2.0.2
    dev: false

  /lit@2.6.1:
    resolution: {integrity: sha512-DT87LD64f8acR7uVp7kZfhLRrHkfC/N4BVzAtnw9Yg8087mbBJ//qedwdwX0kzDbxgPccWRW6mFwGbRQIxy0pw==}
    dependencies:
      '@lit/reactive-element': 1.6.1
      lit-element: 3.2.2
      lit-html: 2.6.1
    dev: false

  /material-icons@1.13.1:
    resolution: {integrity: sha512-6EwhlEa4rwydNSWw11ig1oz/h/KcarJXn4n50Wd69v5Eh026Y6xBo9zLPeX4iF8+qUZV862X0AUUA0m0VaihWg==}
    dev: false

  /nanoid@3.3.6:
    resolution: {integrity: sha512-BGcqMMJuToF7i1rt+2PWSNVnWIkGCU78jBG3RxO/bZlnZPK2Cmi2QaffxGO/2RvWi9sL+FAiRiXMgsyxQ1DIDA==}
    engines: {node: ^10 || ^12 || ^13.7 || ^14 || >=15.0.1}
    hasBin: true
    dev: false

  /path-parse@1.0.7:
    resolution: {integrity: sha512-LDJzPVEEEPR+y48z93A0Ed0yXb8pAByGWo/k5YYdYgpY2/2EsOsksJrq7lOHxryrVOn1ejG6oAp8ahvOIQD8sw==}
    dev: false

  /path@0.12.7:
    resolution: {integrity: sha512-aXXC6s+1w7otVF9UletFkFcDsJeO7lSZBPUQhtb5O0xJe8LtYhj/GxldoL09bBj9+ZmE2hNoHqQSFMN5fikh4Q==}
    dependencies:
      process: 0.11.10
      util: 0.10.4
    dev: true

  /picocolors@1.0.0:
    resolution: {integrity: sha512-1fygroTLlHu66zi26VoTDv8yRgm0Fccecssto+MhsZ0D/DGW2sm8E8AjW7NU5VVTRt5GxbeZ5qBuJr+HyLYkjQ==}
    dev: false

  /postcss@8.4.31:
    resolution: {integrity: sha512-PS08Iboia9mts/2ygV3eLpY5ghnUcfLV/EXTOW1E2qYxJKGGBUtNjN76FYHnMs36RmARn41bC0AZmn+rR0OVpQ==}
    engines: {node: ^10 || ^12 || >=14}
    dependencies:
      nanoid: 3.3.6
      picocolors: 1.0.0
      source-map-js: 1.0.2
    dev: false

  /process@0.11.10:
    resolution: {integrity: sha512-cdGef/drWFoydD1JsMzuFf8100nZl+GT+yacc2bEced5f9Rjk4z+WtFUTBu9PhOi9j/jfmBPu0mMEY4wIdAF8A==}
    engines: {node: '>= 0.6.0'}
    dev: true

  /resolve@1.22.1:
    resolution: {integrity: sha512-nBpuuYuY5jFsli/JIs1oldw6fOQCBioohqWZg/2hiaOybXOft4lonv85uDOKXdf8rhyK159cxU5cDcK/NKk8zw==}
    hasBin: true
    dependencies:
      is-core-module: 2.11.0
      path-parse: 1.0.7
      supports-preserve-symlinks-flag: 1.0.0
    dev: false

  /rollup@2.78.1:
    resolution: {integrity: sha512-VeeCgtGi4P+o9hIg+xz4qQpRl6R401LWEXBmxYKOV4zlF82lyhgh2hTZnheFUbANE8l2A41F458iwj2vEYaXJg==}
    engines: {node: '>=10.0.0'}
    hasBin: true
    optionalDependencies:
      fsevents: 2.3.2
    dev: false

  /source-map-js@1.0.2:
    resolution: {integrity: sha512-R0XvVJ9WusLiqTCEiGCmICCMplcCkIwwR11mOSD9CR5u+IXYdiseeEuXCVAjS54zqwkLcPNnmU4OeJ6tUrWhDw==}
    engines: {node: '>=0.10.0'}
    dev: false

  /supports-preserve-symlinks-flag@1.0.0:
    resolution: {integrity: sha512-ot0WnXS9fgdkgIcePe6RHNk1WA8+muPa6cSjeR3V8K27q9BB1rTE3R1p7Hv0z1ZyAc8s6Vvv8DIyWf681MAt0w==}
    engines: {node: '>= 0.4'}
    dev: false

  /tslib@2.5.0:
    resolution: {integrity: sha512-336iVw3rtn2BUK7ORdIAHTyxHGRIHVReokCR3XjbckJMK7ms8FysBfhLR8IXnAgy7T0PTPNBWKiH514FOW/WSg==}
    dev: false

  /typescript@4.4.4:
    resolution: {integrity: sha512-DqGhF5IKoBl8WNf8C1gu8q0xZSInh9j1kJJMqT3a94w1JzVaBU4EXOSMrz9yDqMT0xt3selp83fuFMQ0uzv6qA==}
    engines: {node: '>=4.2.0'}
    hasBin: true
    dev: true

  /util@0.10.4:
    resolution: {integrity: sha512-0Pm9hTQ3se5ll1XihRic3FDIku70C+iHUdT/W926rSgHV5QgXsYbKZN8MSC3tJtSkhuROzvsQjAaFENRXr+19A==}
    dependencies:
      inherits: 2.0.3
    dev: true

  /vite@3.1.8:
    resolution: {integrity: sha512-m7jJe3nufUbuOfotkntGFupinL/fmuTNuQmiVE7cH2IZMuf4UbfbGYMUT3jVWgGYuRVLY9j8NnrRqgw5rr5QTg==}
    engines: {node: ^14.18.0 || >=16.0.0}
    hasBin: true
    peerDependencies:
      less: '*'
      sass: '*'
      stylus: '*'
      terser: ^5.4.0
    peerDependenciesMeta:
      less:
        optional: true
      sass:
        optional: true
      stylus:
        optional: true
      terser:
        optional: true
    dependencies:
      esbuild: 0.15.18
      postcss: 8.4.31
      resolve: 1.22.1
      rollup: 2.78.1
    optionalDependencies:
      fsevents: 2.3.2
    dev: false
